{
  "requires": true,
  "lockfileVersion": 1,
  "dependencies": {
    "vue-stripe-checkout": {
      "version": "3.5.14-beta.0",
      "resolved": "https://registry.npmjs.org/vue-stripe-checkout/-/vue-stripe-checkout-3.5.14-beta.0.tgz",
      "integrity": "sha512-NOnZZupLdhAstEWSE7P/OLT7vuoDT8EFSPbv5sA0bi8mHsyFRAhSaoVHQBNQj0vqLH8k8Yt2dPj+PSvVY+JffA=="
    }
  }
}
